
Microsoft Visual Studio Solution File, Format Version 12.00
# Visual Studio Version 17
VisualStudioVersion = 17.0.31903.59
MinimumVisualStudioVersion = 10.0.40219.1
Project("{FAE04EC0-301F-11D3-BF4B-00C04F79EFBC}") = "NaraTool.Data", "NaraTool.Data\NaraTool.Data.csproj", "{663C90AE-30B7-4936-865E-2DB11F5C0717}"
EndProject
Project("{FAE04EC0-301F-11D3-BF4B-00C04F79EFBC}") = "NaraTool.Services", "NaraTool.Services\NaraTool.Services.csproj", "{84F86F02-6CF5-48C7-88E0-4A92DCF79449}"
EndProject
Project("{FAE04EC0-301F-11D3-BF4B-00C04F79EFBC}") = "NaraTool.Api", "NaraTool.Api\NaraTool.Api.csproj", "{C9859CAC-A73B-4095-9191-8B60FC9CF85C}"
EndProject
Project("{FAE04EC0-301F-11D3-BF4B-00C04F79EFBC}") = "NaraTool.External", "NaraTool.External\NaraTool.External.csproj", "{180347F3-9A21-40B1-ABA9-D54030773F30}"
EndProject
Global
	GlobalSection(SolutionConfigurationPlatforms) = preSolution
		Debug|Any CPU = Debug|Any CPU
		Debug|x64 = Debug|x64
		Debug|x86 = Debug|x86
		Release|Any CPU = Release|Any CPU
		Release|x64 = Release|x64
		Release|x86 = Release|x86
	EndGlobalSection
	GlobalSection(ProjectConfigurationPlatforms) = postSolution
		{663C90AE-30B7-4936-865E-2DB11F5C0717}.Debug|Any CPU.ActiveCfg = Debug|Any CPU
		{663C90AE-30B7-4936-865E-2DB11F5C0717}.Debug|Any CPU.Build.0 = Debug|Any CPU
		{663C90AE-30B7-4936-865E-2DB11F5C0717}.Debug|x64.ActiveCfg = Debug|Any CPU
		{663C90AE-30B7-4936-865E-2DB11F5C0717}.Debug|x64.Build.0 = Debug|Any CPU
		{663C90AE-30B7-4936-865E-2DB11F5C0717}.Debug|x86.ActiveCfg = Debug|Any CPU
		{663C90AE-30B7-4936-865E-2DB11F5C0717}.Debug|x86.Build.0 = Debug|Any CPU
		{663C90AE-30B7-4936-865E-2DB11F5C0717}.Release|Any CPU.ActiveCfg = Release|Any CPU
		{663C90AE-30B7-4936-865E-2DB11F5C0717}.Release|Any CPU.Build.0 = Release|Any CPU
		{663C90AE-30B7-4936-865E-2DB11F5C0717}.Release|x64.ActiveCfg = Release|Any CPU
		{663C90AE-30B7-4936-865E-2DB11F5C0717}.Release|x64.Build.0 = Release|Any CPU
		{663C90AE-30B7-4936-865E-2DB11F5C0717}.Release|x86.ActiveCfg = Release|Any CPU
		{663C90AE-30B7-4936-865E-2DB11F5C0717}.Release|x86.Build.0 = Release|Any CPU
		{84F86F02-6CF5-48C7-88E0-4A92DCF79449}.Debug|Any CPU.ActiveCfg = Debug|Any CPU
		{84F86F02-6CF5-48C7-88E0-4A92DCF79449}.Debug|Any CPU.Build.0 = Debug|Any CPU
		{84F86F02-6CF5-48C7-88E0-4A92DCF79449}.Debug|x64.ActiveCfg = Debug|Any CPU
		{84F86F02-6CF5-48C7-88E0-4A92DCF79449}.Debug|x64.Build.0 = Debug|Any CPU
		{84F86F02-6CF5-48C7-88E0-4A92DCF79449}.Debug|x86.ActiveCfg = Debug|Any CPU
		{84F86F02-6CF5-48C7-88E0-4A92DCF79449}.Debug|x86.Build.0 = Debug|Any CPU
		{84F86F02-6CF5-48C7-88E0-4A92DCF79449}.Release|Any CPU.ActiveCfg = Release|Any CPU
		{84F86F02-6CF5-48C7-88E0-4A92DCF79449}.Release|Any CPU.Build.0 = Release|Any CPU
		{84F86F02-6CF5-48C7-88E0-4A92DCF79449}.Release|x64.ActiveCfg = Release|Any CPU
		{84F86F02-6CF5-48C7-88E0-4A92DCF79449}.Release|x64.Build.0 = Release|Any CPU
		{84F86F02-6CF5-48C7-88E0-4A92DCF79449}.Release|x86.ActiveCfg = Release|Any CPU
		{84F86F02-6CF5-48C7-88E0-4A92DCF79449}.Release|x86.Build.0 = Release|Any CPU
		{C9859CAC-A73B-4095-9191-8B60FC9CF85C}.Debug|Any CPU.ActiveCfg = Debug|Any CPU
		{C9859CAC-A73B-4095-9191-8B60FC9CF85C}.Debug|Any CPU.Build.0 = Debug|Any CPU
		{C9859CAC-A73B-4095-9191-8B60FC9CF85C}.Debug|x64.ActiveCfg = Debug|Any CPU
		{C9859CAC-A73B-4095-9191-8B60FC9CF85C}.Debug|x64.Build.0 = Debug|Any CPU
		{C9859CAC-A73B-4095-9191-8B60FC9CF85C}.Debug|x86.ActiveCfg = Debug|Any CPU
		{C9859CAC-A73B-4095-9191-8B60FC9CF85C}.Debug|x86.Build.0 = Debug|Any CPU
		{C9859CAC-A73B-4095-9191-8B60FC9CF85C}.Release|Any CPU.ActiveCfg = Release|Any CPU
		{C9859CAC-A73B-4095-9191-8B60FC9CF85C}.Release|Any CPU.Build.0 = Release|Any CPU
		{C9859CAC-A73B-4095-9191-8B60FC9CF85C}.Release|x64.ActiveCfg = Release|Any CPU
		{C9859CAC-A73B-4095-9191-8B60FC9CF85C}.Release|x64.Build.0 = Release|Any CPU
		{C9859CAC-A73B-4095-9191-8B60FC9CF85C}.Release|x86.ActiveCfg = Release|Any CPU
		{C9859CAC-A73B-4095-9191-8B60FC9CF85C}.Release|x86.Build.0 = Release|Any CPU
		{180347F3-9A21-40B1-ABA9-D54030773F30}.Debug|Any CPU.ActiveCfg = Debug|Any CPU
		{180347F3-9A21-40B1-ABA9-D54030773F30}.Debug|Any CPU.Build.0 = Debug|Any CPU
		{180347F3-9A21-40B1-ABA9-D54030773F30}.Debug|x64.ActiveCfg = Debug|Any CPU
		{180347F3-9A21-40B1-ABA9-D54030773F30}.Debug|x64.Build.0 = Debug|Any CPU
		{180347F3-9A21-40B1-ABA9-D54030773F30}.Debug|x86.ActiveCfg = Debug|Any CPU
		{180347F3-9A21-40B1-ABA9-D54030773F30}.Debug|x86.Build.0 = Debug|Any CPU
		{180347F3-9A21-40B1-ABA9-D54030773F30}.Release|Any CPU.ActiveCfg = Release|Any CPU
		{180347F3-9A21-40B1-ABA9-D54030773F30}.Release|Any CPU.Build.0 = Release|Any CPU
		{180347F3-9A21-40B1-ABA9-D54030773F30}.Release|x64.ActiveCfg = Release|Any CPU
		{180347F3-9A21-40B1-ABA9-D54030773F30}.Release|x64.Build.0 = Release|Any CPU
		{180347F3-9A21-40B1-ABA9-D54030773F30}.Release|x86.ActiveCfg = Release|Any CPU
		{180347F3-9A21-40B1-ABA9-D54030773F30}.Release|x86.Build.0 = Release|Any CPU
	EndGlobalSection
	GlobalSection(SolutionProperties) = preSolution
		HideSolutionNode = FALSE
	EndGlobalSection
EndGlobal
